
Microsoft Visual Studio Solution File, Format Version 12.00
# Visual Studio Version 16
VisualStudioVersion = 16.0.31321.278
MinimumVisualStudioVersion = 10.0.40219.1
Project("{2150E333-8FDC-42A3-9474-1A3956D46DE8}") = "services", "services", "{D9EBFAD9-83A9-40A8-B033-CC8EF7841767}"
EndProject
Project("{2150E333-8FDC-42A3-9474-1A3956D46DE8}") = "catalog", "catalog", "{EB851A45-C505-4EBA-A416-AAF743A4DDF7}"
EndProject
Project("{9A19103F-16F7-4668-BE54-9A1E7A4F7556}") = "Catalog.API", "services\catalog\Catalog.API\Catalog.API.csproj", "{FB0688B0-41A2-4C70-9148-B74C6CD4052C}"
EndProject
Project("{E53339B2-1760-4266-BCC7-CA923CBCF16C}") = "docker-compose", "docker-compose.dcproj", "{43142B6D-C754-456D-B36D-7374FA0672B3}"
EndProject
Project("{2150E333-8FDC-42A3-9474-1A3956D46DE8}") = "basket", "basket", "{96C92A57-30AE-43B9-89C8-7D7F072D8424}"
EndProject
Project("{9A19103F-16F7-4668-BE54-9A1E7A4F7556}") = "Basket.API", "services\basket\Basket.API\Basket.API.csproj", "{02A84148-E41E-4D9C-8860-5FC72DDEF4A5}"
EndProject
Project("{2150E333-8FDC-42A3-9474-1A3956D46DE8}") = "discount", "discount", "{3BA136DA-FC89-47CB-B6A7-6777B44679DE}"
EndProject
Project("{9A19103F-16F7-4668-BE54-9A1E7A4F7556}") = "Discount.API", "services\discount\Discount.API\Discount.API.csproj", "{28AF3622-218F-4200-B018-C6E1783BC718}"
EndProject
Project("{9A19103F-16F7-4668-BE54-9A1E7A4F7556}") = "Discount.Grpc", "services\discount\Discount.Grpc\Discount.Grpc.csproj", "{A1214C89-036F-4A81-88F6-C04AB02641C7}"
EndProject
Project("{2150E333-8FDC-42A3-9474-1A3956D46DE8}") = "ordering", "ordering", "{0FB911FF-B26F-4355-8763-E8568CE36FBC}"
EndProject
Project("{9A19103F-16F7-4668-BE54-9A1E7A4F7556}") = "Ordering.API", "services\ordering\Ordering.API\Ordering.API.csproj", "{33307A53-F60D-41D5-BBB7-5F865179E3F1}"
EndProject
Project("{9A19103F-16F7-4668-BE54-9A1E7A4F7556}") = "Ordering.Domain", "services\ordering\Ordering.Domain\Ordering.Domain.csproj", "{1F1C813A-265E-47AD-9E5E-24571F31BE61}"
EndProject
Project("{9A19103F-16F7-4668-BE54-9A1E7A4F7556}") = "Ordering.Application", "services\ordering\Ordering.Application\Ordering.Application.csproj", "{A3C91D21-C949-490E-B6B8-37437839956B}"
EndProject
Project("{9A19103F-16F7-4668-BE54-9A1E7A4F7556}") = "Ordering.Infrastructure", "services\ordering\Ordering.Infrastructure\Ordering.Infrastructure.csproj", "{172EEA4E-41A4-4468-A66D-2F77445003FF}"
EndProject
Project("{2150E333-8FDC-42A3-9474-1A3956D46DE8}") = "Common", "Common", "{9CCDADCC-45E5-4BE4-8316-B84400BE6B6E}"
EndProject
Project("{9A19103F-16F7-4668-BE54-9A1E7A4F7556}") = "EventBus.Messages", "common\EventBus.Messages\EventBus.Messages.csproj", "{24E37D49-4224-4F85-808D-AC8244FDCA40}"
EndProject
Project("{2150E333-8FDC-42A3-9474-1A3956D46DE8}") = "ApiGateways", "ApiGateways", "{1CE95ABC-3430-4E33-9962-FD439FE24D2E}"
EndProject
Project("{FAE04EC0-301F-11D3-BF4B-00C04F79EFBC}") = "OcelotApiGateway", "ApiGateways\OcelotApiGateway\OcelotApiGateway.csproj", "{FE1BB1D3-59BA-498A-9F69-C32B341FE770}"
EndProject
Global
	GlobalSection(SolutionConfigurationPlatforms) = preSolution
		Debug|Any CPU = Debug|Any CPU
		Release|Any CPU = Release|Any CPU
	EndGlobalSection
	GlobalSection(ProjectConfigurationPlatforms) = postSolution
		{FB0688B0-41A2-4C70-9148-B74C6CD4052C}.Debug|Any CPU.ActiveCfg = Debug|Any CPU
		{FB0688B0-41A2-4C70-9148-B74C6CD4052C}.Debug|Any CPU.Build.0 = Debug|Any CPU
		{FB0688B0-41A2-4C70-9148-B74C6CD4052C}.Release|Any CPU.ActiveCfg = Release|Any CPU
		{FB0688B0-41A2-4C70-9148-B74C6CD4052C}.Release|Any CPU.Build.0 = Release|Any CPU
		{43142B6D-C754-456D-B36D-7374FA0672B3}.Debug|Any CPU.ActiveCfg = Debug|Any CPU
		{43142B6D-C754-456D-B36D-7374FA0672B3}.Debug|Any CPU.Build.0 = Debug|Any CPU
		{43142B6D-C754-456D-B36D-7374FA0672B3}.Release|Any CPU.ActiveCfg = Release|Any CPU
		{43142B6D-C754-456D-B36D-7374FA0672B3}.Release|Any CPU.Build.0 = Release|Any CPU
		{02A84148-E41E-4D9C-8860-5FC72DDEF4A5}.Debug|Any CPU.ActiveCfg = Debug|Any CPU
		{02A84148-E41E-4D9C-8860-5FC72DDEF4A5}.Debug|Any CPU.Build.0 = Debug|Any CPU
		{02A84148-E41E-4D9C-8860-5FC72DDEF4A5}.Release|Any CPU.ActiveCfg = Release|Any CPU
		{02A84148-E41E-4D9C-8860-5FC72DDEF4A5}.Release|Any CPU.Build.0 = Release|Any CPU
		{28AF3622-218F-4200-B018-C6E1783BC718}.Debug|Any CPU.ActiveCfg = Debug|Any CPU
		{28AF3622-218F-4200-B018-C6E1783BC718}.Debug|Any CPU.Build.0 = Debug|Any CPU
		{28AF3622-218F-4200-B018-C6E1783BC718}.Release|Any CPU.ActiveCfg = Release|Any CPU
		{28AF3622-218F-4200-B018-C6E1783BC718}.Release|Any CPU.Build.0 = Release|Any CPU
		{A1214C89-036F-4A81-88F6-C04AB02641C7}.Debug|Any CPU.ActiveCfg = Debug|Any CPU
		{A1214C89-036F-4A81-88F6-C04AB02641C7}.Debug|Any CPU.Build.0 = Debug|Any CPU
		{A1214C89-036F-4A81-88F6-C04AB02641C7}.Release|Any CPU.ActiveCfg = Release|Any CPU
		{A1214C89-036F-4A81-88F6-C04AB02641C7}.Release|Any CPU.Build.0 = Release|Any CPU
		{33307A53-F60D-41D5-BBB7-5F865179E3F1}.Debug|Any CPU.ActiveCfg = Debug|Any CPU
		{33307A53-F60D-41D5-BBB7-5F865179E3F1}.Debug|Any CPU.Build.0 = Debug|Any CPU
		{33307A53-F60D-41D5-BBB7-5F865179E3F1}.Release|Any CPU.ActiveCfg = Release|Any CPU
		{33307A53-F60D-41D5-BBB7-5F865179E3F1}.Release|Any CPU.Build.0 = Release|Any CPU
		{1F1C813A-265E-47AD-9E5E-24571F31BE61}.Debug|Any CPU.ActiveCfg = Debug|Any CPU
		{1F1C813A-265E-47AD-9E5E-24571F31BE61}.Debug|Any CPU.Build.0 = Debug|Any CPU
		{1F1C813A-265E-47AD-9E5E-24571F31BE61}.Release|Any CPU.ActiveCfg = Release|Any CPU
		{1F1C813A-265E-47AD-9E5E-24571F31BE61}.Release|Any CPU.Build.0 = Release|Any CPU
		{A3C91D21-C949-490E-B6B8-37437839956B}.Debug|Any CPU.ActiveCfg = Debug|Any CPU
		{A3C91D21-C949-490E-B6B8-37437839956B}.Debug|Any CPU.Build.0 = Debug|Any CPU
		{A3C91D21-C949-490E-B6B8-37437839956B}.Release|Any CPU.ActiveCfg = Release|Any CPU
		{A3C91D21-C949-490E-B6B8-37437839956B}.Release|Any CPU.Build.0 = Release|Any CPU
		{172EEA4E-41A4-4468-A66D-2F77445003FF}.Debug|Any CPU.ActiveCfg = Debug|Any CPU
		{172EEA4E-41A4-4468-A66D-2F77445003FF}.Debug|Any CPU.Build.0 = Debug|Any CPU
		{172EEA4E-41A4-4468-A66D-2F77445003FF}.Release|Any CPU.ActiveCfg = Release|Any CPU
		{172EEA4E-41A4-4468-A66D-2F77445003FF}.Release|Any CPU.Build.0 = Release|Any CPU
		{24E37D49-4224-4F85-808D-AC8244FDCA40}.Debug|Any CPU.ActiveCfg = Debug|Any CPU
		{24E37D49-4224-4F85-808D-AC8244FDCA40}.Debug|Any CPU.Build.0 = Debug|Any CPU
		{24E37D49-4224-4F85-808D-AC8244FDCA40}.Release|Any CPU.ActiveCfg = Release|Any CPU
		{24E37D49-4224-4F85-808D-AC8244FDCA40}.Release|Any CPU.Build.0 = Release|Any CPU
		{FE1BB1D3-59BA-498A-9F69-C32B341FE770}.Debug|Any CPU.ActiveCfg = Debug|Any CPU
		{FE1BB1D3-59BA-498A-9F69-C32B341FE770}.Debug|Any CPU.Build.0 = Debug|Any CPU
		{FE1BB1D3-59BA-498A-9F69-C32B341FE770}.Release|Any CPU.ActiveCfg = Release|Any CPU
		{FE1BB1D3-59BA-498A-9F69-C32B341FE770}.Release|Any CPU.Build.0 = Release|Any CPU
	EndGlobalSection
	GlobalSection(SolutionProperties) = preSolution
		HideSolutionNode = FALSE
	EndGlobalSection
	GlobalSection(NestedProjects) = preSolution
		{EB851A45-C505-4EBA-A416-AAF743A4DDF7} = {D9EBFAD9-83A9-40A8-B033-CC8EF7841767}
		{FB0688B0-41A2-4C70-9148-B74C6CD4052C} = {EB851A45-C505-4EBA-A416-AAF743A4DDF7}
		{96C92A57-30AE-43B9-89C8-7D7F072D8424} = {D9EBFAD9-83A9-40A8-B033-CC8EF7841767}
		{02A84148-E41E-4D9C-8860-5FC72DDEF4A5} = {96C92A57-30AE-43B9-89C8-7D7F072D8424}
		{3BA136DA-FC89-47CB-B6A7-6777B44679DE} = {D9EBFAD9-83A9-40A8-B033-CC8EF7841767}
		{28AF3622-218F-4200-B018-C6E1783BC718} = {3BA136DA-FC89-47CB-B6A7-6777B44679DE}
		{A1214C89-036F-4A81-88F6-C04AB02641C7} = {3BA136DA-FC89-47CB-B6A7-6777B44679DE}
		{0FB911FF-B26F-4355-8763-E8568CE36FBC} = {D9EBFAD9-83A9-40A8-B033-CC8EF7841767}
		{33307A53-F60D-41D5-BBB7-5F865179E3F1} = {0FB911FF-B26F-4355-8763-E8568CE36FBC}
		{1F1C813A-265E-47AD-9E5E-24571F31BE61} = {0FB911FF-B26F-4355-8763-E8568CE36FBC}
		{A3C91D21-C949-490E-B6B8-37437839956B} = {0FB911FF-B26F-4355-8763-E8568CE36FBC}
		{172EEA4E-41A4-4468-A66D-2F77445003FF} = {0FB911FF-B26F-4355-8763-E8568CE36FBC}
		{24E37D49-4224-4F85-808D-AC8244FDCA40} = {9CCDADCC-45E5-4BE4-8316-B84400BE6B6E}
		{FE1BB1D3-59BA-498A-9F69-C32B341FE770} = {1CE95ABC-3430-4E33-9962-FD439FE24D2E}
	EndGlobalSection
	GlobalSection(ExtensibilityGlobals) = postSolution
		SolutionGuid = {042F2597-37BC-439B-861E-D93A8C063963}
	EndGlobalSection
EndGlobal
